
Microsoft Visual Studio Solution File, Format Version 12.00
# Visual Studio Version 16
VisualStudioVersion = 16.0.29102.190
MinimumVisualStudioVersion = 10.0.40219.1
Project("{9A19103F-16F7-4668-BE54-9A1E7A4F7556}") = "Chameleon.Core", "Chameleon.Core\Chameleon.Core.csproj", "{77A38872-12A8-4E03-AD48-827F2AAB5318}"
EndProject
Project("{FAE04EC0-301F-11D3-BF4B-00C04F79EFBC}") = "Chameleon.Droid", "Chameleon.Droid\Chameleon.Droid.csproj", "{23B9D7A8-8013-483A-ABB3-839DA8A7D930}"
EndProject
Project("{FAE04EC0-301F-11D3-BF4B-00C04F79EFBC}") = "Chameleon.iOS", "Chameleon.iOS\Chameleon.iOS.csproj", "{84BCE6E4-7B30-4A78-A73F-D188F4A57C86}"
EndProject
Project("{FAE04EC0-301F-11D3-BF4B-00C04F79EFBC}") = "Chameleon.UWP", "Chameleon.UWP\Chameleon.UWP.csproj", "{951F0BFE-D296-4B88-8379-7F9DDD236E01}"
EndProject
Project("{9A19103F-16F7-4668-BE54-9A1E7A4F7556}") = "Chameleon.Services", "Chameleon.Services\Chameleon.Services.csproj", "{C6591A66-5140-4888-A20C-52D3061E2677}"
EndProject
Project("{FAE04EC0-301F-11D3-BF4B-00C04F79EFBC}") = "Chameleon.Mac", "Chameleon.Mac\Chameleon.Mac.csproj", "{8BBA03A0-A640-4869-A515-9E2656A33C16}"
EndProject
Project("{2150E333-8FDC-42A3-9474-1A3956D46DE8}") = "Solution Items", "Solution Items", "{F4516564-D5D3-4544-B85B-B011C4B581D9}"
	ProjectSection(SolutionItems) = preProject
		.gitignore = .gitignore
		CODE_OF_CONDUCT.md = CODE_OF_CONDUCT.md
		CONTRIBUTING.md = CONTRIBUTING.md
		Directory.build.props = Directory.build.props
		Directory.build.targets = Directory.build.targets
		CodeAnalysis.ruleset = CodeAnalysis.ruleset
	EndProjectSection
EndProject
Project("{9A19103F-16F7-4668-BE54-9A1E7A4F7556}") = "Chameleon.Tizen", "Chameleon.Tizen\Chameleon.Tizen.csproj", "{3FF3AD54-A110-4F91-B9BF-2C4CE511DD7B}"
EndProject
Global
	GlobalSection(SolutionConfigurationPlatforms) = preSolution
		Debug|Any CPU = Debug|Any CPU
		Debug|ARM = Debug|ARM
		Debug|iPhone = Debug|iPhone
		Debug|iPhoneSimulator = Debug|iPhoneSimulator
		Debug|x64 = Debug|x64
		Debug|x86 = Debug|x86
		Release|Any CPU = Release|Any CPU
		Release|ARM = Release|ARM
		Release|iPhone = Release|iPhone
		Release|iPhoneSimulator = Release|iPhoneSimulator
		Release|x64 = Release|x64
		Release|x86 = Release|x86
	EndGlobalSection
	GlobalSection(ProjectConfigurationPlatforms) = postSolution
		{77A38872-12A8-4E03-AD48-827F2AAB5318}.Debug|Any CPU.ActiveCfg = Debug|Any CPU
		{77A38872-12A8-4E03-AD48-827F2AAB5318}.Debug|Any CPU.Build.0 = Debug|Any CPU
		{77A38872-12A8-4E03-AD48-827F2AAB5318}.Debug|ARM.ActiveCfg = Debug|Any CPU
		{77A38872-12A8-4E03-AD48-827F2AAB5318}.Debug|ARM.Build.0 = Debug|Any CPU
		{77A38872-12A8-4E03-AD48-827F2AAB5318}.Debug|iPhone.ActiveCfg = Debug|Any CPU
		{77A38872-12A8-4E03-AD48-827F2AAB5318}.Debug|iPhone.Build.0 = Debug|Any CPU
		{77A38872-12A8-4E03-AD48-827F2AAB5318}.Debug|iPhoneSimulator.ActiveCfg = Debug|Any CPU
		{77A38872-12A8-4E03-AD48-827F2AAB5318}.Debug|iPhoneSimulator.Build.0 = Debug|Any CPU
		{77A38872-12A8-4E03-AD48-827F2AAB5318}.Debug|x64.ActiveCfg = Debug|Any CPU
		{77A38872-12A8-4E03-AD48-827F2AAB5318}.Debug|x64.Build.0 = Debug|Any CPU
		{77A38872-12A8-4E03-AD48-827F2AAB5318}.Debug|x86.ActiveCfg = Debug|Any CPU
		{77A38872-12A8-4E03-AD48-827F2AAB5318}.Debug|x86.Build.0 = Debug|Any CPU
		{77A38872-12A8-4E03-AD48-827F2AAB5318}.Release|Any CPU.ActiveCfg = Release|Any CPU
		{77A38872-12A8-4E03-AD48-827F2AAB5318}.Release|Any CPU.Build.0 = Release|Any CPU
		{77A38872-12A8-4E03-AD48-827F2AAB5318}.Release|ARM.ActiveCfg = Release|Any CPU
		{77A38872-12A8-4E03-AD48-827F2AAB5318}.Release|ARM.Build.0 = Release|Any CPU
		{77A38872-12A8-4E03-AD48-827F2AAB5318}.Release|iPhone.ActiveCfg = Release|Any CPU
		{77A38872-12A8-4E03-AD48-827F2AAB5318}.Release|iPhone.Build.0 = Release|Any CPU
		{77A38872-12A8-4E03-AD48-827F2AAB5318}.Release|iPhoneSimulator.ActiveCfg = Release|Any CPU
		{77A38872-12A8-4E03-AD48-827F2AAB5318}.Release|iPhoneSimulator.Build.0 = Release|Any CPU
		{77A38872-12A8-4E03-AD48-827F2AAB5318}.Release|x64.ActiveCfg = Release|Any CPU
		{77A38872-12A8-4E03-AD48-827F2AAB5318}.Release|x64.Build.0 = Release|Any CPU
		{77A38872-12A8-4E03-AD48-827F2AAB5318}.Release|x86.ActiveCfg = Release|Any CPU
		{77A38872-12A8-4E03-AD48-827F2AAB5318}.Release|x86.Build.0 = Release|Any CPU
		{23B9D7A8-8013-483A-ABB3-839DA8A7D930}.Debug|Any CPU.ActiveCfg = Debug|Any CPU
		{23B9D7A8-8013-483A-ABB3-839DA8A7D930}.Debug|Any CPU.Build.0 = Debug|Any CPU
		{23B9D7A8-8013-483A-ABB3-839DA8A7D930}.Debug|Any CPU.Deploy.0 = Debug|Any CPU
		{23B9D7A8-8013-483A-ABB3-839DA8A7D930}.Debug|ARM.ActiveCfg = Debug|Any CPU
		{23B9D7A8-8013-483A-ABB3-839DA8A7D930}.Debug|ARM.Build.0 = Debug|Any CPU
		{23B9D7A8-8013-483A-ABB3-839DA8A7D930}.Debug|ARM.Deploy.0 = Debug|Any CPU
		{23B9D7A8-8013-483A-ABB3-839DA8A7D930}.Debug|iPhone.ActiveCfg = Debug|Any CPU
		{23B9D7A8-8013-483A-ABB3-839DA8A7D930}.Debug|iPhone.Build.0 = Debug|Any CPU
		{23B9D7A8-8013-483A-ABB3-839DA8A7D930}.Debug|iPhone.Deploy.0 = Debug|Any CPU
		{23B9D7A8-8013-483A-ABB3-839DA8A7D930}.Debug|iPhoneSimulator.ActiveCfg = Debug|Any CPU
		{23B9D7A8-8013-483A-ABB3-839DA8A7D930}.Debug|iPhoneSimulator.Build.0 = Debug|Any CPU
		{23B9D7A8-8013-483A-ABB3-839DA8A7D930}.Debug|iPhoneSimulator.Deploy.0 = Debug|Any CPU
		{23B9D7A8-8013-483A-ABB3-839DA8A7D930}.Debug|x64.ActiveCfg = Debug|Any CPU
		{23B9D7A8-8013-483A-ABB3-839DA8A7D930}.Debug|x64.Build.0 = Debug|Any CPU
		{23B9D7A8-8013-483A-ABB3-839DA8A7D930}.Debug|x64.Deploy.0 = Debug|Any CPU
		{23B9D7A8-8013-483A-ABB3-839DA8A7D930}.Debug|x86.ActiveCfg = Debug|Any CPU
		{23B9D7A8-8013-483A-ABB3-839DA8A7D930}.Debug|x86.Build.0 = Debug|Any CPU
		{23B9D7A8-8013-483A-ABB3-839DA8A7D930}.Debug|x86.Deploy.0 = Debug|Any CPU
		{23B9D7A8-8013-483A-ABB3-839DA8A7D930}.Release|Any CPU.ActiveCfg = Release|Any CPU
		{23B9D7A8-8013-483A-ABB3-839DA8A7D930}.Release|Any CPU.Build.0 = Release|Any CPU
		{23B9D7A8-8013-483A-ABB3-839DA8A7D930}.Release|Any CPU.Deploy.0 = Release|Any CPU
		{23B9D7A8-8013-483A-ABB3-839DA8A7D930}.Release|ARM.ActiveCfg = Release|Any CPU
		{23B9D7A8-8013-483A-ABB3-839DA8A7D930}.Release|ARM.Build.0 = Release|Any CPU
		{23B9D7A8-8013-483A-ABB3-839DA8A7D930}.Release|ARM.Deploy.0 = Release|Any CPU
		{23B9D7A8-8013-483A-ABB3-839DA8A7D930}.Release|iPhone.ActiveCfg = Release|Any CPU
		{23B9D7A8-8013-483A-ABB3-839DA8A7D930}.Release|iPhone.Build.0 = Release|Any CPU
		{23B9D7A8-8013-483A-ABB3-839DA8A7D930}.Release|iPhone.Deploy.0 = Release|Any CPU
		{23B9D7A8-8013-483A-ABB3-839DA8A7D930}.Release|iPhoneSimulator.ActiveCfg = Release|Any CPU
		{23B9D7A8-8013-483A-ABB3-839DA8A7D930}.Release|iPhoneSimulator.Build.0 = Release|Any CPU
		{23B9D7A8-8013-483A-ABB3-839DA8A7D930}.Release|iPhoneSimulator.Deploy.0 = Release|Any CPU
		{23B9D7A8-8013-483A-ABB3-839DA8A7D930}.Release|x64.ActiveCfg = Release|Any CPU
		{23B9D7A8-8013-483A-ABB3-839DA8A7D930}.Release|x64.Build.0 = Release|Any CPU
		{23B9D7A8-8013-483A-ABB3-839DA8A7D930}.Release|x64.Deploy.0 = Release|Any CPU
		{23B9D7A8-8013-483A-ABB3-839DA8A7D930}.Release|x86.ActiveCfg = Release|Any CPU
		{23B9D7A8-8013-483A-ABB3-839DA8A7D930}.Release|x86.Build.0 = Release|Any CPU
		{23B9D7A8-8013-483A-ABB3-839DA8A7D930}.Release|x86.Deploy.0 = Release|Any CPU
		{84BCE6E4-7B30-4A78-A73F-D188F4A57C86}.Debug|Any CPU.ActiveCfg = Debug|iPhone
		{84BCE6E4-7B30-4A78-A73F-D188F4A57C86}.Debug|ARM.ActiveCfg = Debug|iPhone
		{84BCE6E4-7B30-4A78-A73F-D188F4A57C86}.Debug|iPhone.ActiveCfg = Debug|iPhone
		{84BCE6E4-7B30-4A78-A73F-D188F4A57C86}.Debug|iPhone.Build.0 = Debug|iPhone
		{84BCE6E4-7B30-4A78-A73F-D188F4A57C86}.Debug|iPhoneSimulator.ActiveCfg = Debug|iPhoneSimulator
		{84BCE6E4-7B30-4A78-A73F-D188F4A57C86}.Debug|iPhoneSimulator.Build.0 = Debug|iPhoneSimulator
		{84BCE6E4-7B30-4A78-A73F-D188F4A57C86}.Debug|x64.ActiveCfg = Debug|iPhone
		{84BCE6E4-7B30-4A78-A73F-D188F4A57C86}.Debug|x86.ActiveCfg = Debug|iPhone
		{84BCE6E4-7B30-4A78-A73F-D188F4A57C86}.Release|Any CPU.ActiveCfg = Release|iPhone
		{84BCE6E4-7B30-4A78-A73F-D188F4A57C86}.Release|ARM.ActiveCfg = Release|iPhone
		{84BCE6E4-7B30-4A78-A73F-D188F4A57C86}.Release|iPhone.ActiveCfg = Release|iPhone
		{84BCE6E4-7B30-4A78-A73F-D188F4A57C86}.Release|iPhone.Build.0 = Release|iPhone
		{84BCE6E4-7B30-4A78-A73F-D188F4A57C86}.Release|iPhoneSimulator.ActiveCfg = Release|iPhoneSimulator
		{84BCE6E4-7B30-4A78-A73F-D188F4A57C86}.Release|iPhoneSimulator.Build.0 = Release|iPhoneSimulator
		{84BCE6E4-7B30-4A78-A73F-D188F4A57C86}.Release|x64.ActiveCfg = Release|iPhone
		{84BCE6E4-7B30-4A78-A73F-D188F4A57C86}.Release|x86.ActiveCfg = Release|iPhone
		{951F0BFE-D296-4B88-8379-7F9DDD236E01}.Debug|Any CPU.ActiveCfg = Debug|x86
		{951F0BFE-D296-4B88-8379-7F9DDD236E01}.Debug|ARM.ActiveCfg = Debug|ARM
		{951F0BFE-D296-4B88-8379-7F9DDD236E01}.Debug|ARM.Build.0 = Debug|ARM
		{951F0BFE-D296-4B88-8379-7F9DDD236E01}.Debug|ARM.Deploy.0 = Debug|ARM
		{951F0BFE-D296-4B88-8379-7F9DDD236E01}.Debug|iPhone.ActiveCfg = Debug|x86
		{951F0BFE-D296-4B88-8379-7F9DDD236E01}.Debug|iPhoneSimulator.ActiveCfg = Debug|x86
		{951F0BFE-D296-4B88-8379-7F9DDD236E01}.Debug|x64.ActiveCfg = Debug|x64
		{951F0BFE-D296-4B88-8379-7F9DDD236E01}.Debug|x64.Build.0 = Debug|x64
		{951F0BFE-D296-4B88-8379-7F9DDD236E01}.Debug|x64.Deploy.0 = Debug|x64
		{951F0BFE-D296-4B88-8379-7F9DDD236E01}.Debug|x86.ActiveCfg = Debug|x86
		{951F0BFE-D296-4B88-8379-7F9DDD236E01}.Debug|x86.Build.0 = Debug|x86
		{951F0BFE-D296-4B88-8379-7F9DDD236E01}.Debug|x86.Deploy.0 = Debug|x86
		{951F0BFE-D296-4B88-8379-7F9DDD236E01}.Release|Any CPU.ActiveCfg = Release|x86
		{951F0BFE-D296-4B88-8379-7F9DDD236E01}.Release|ARM.ActiveCfg = Release|ARM
		{951F0BFE-D296-4B88-8379-7F9DDD236E01}.Release|ARM.Build.0 = Release|ARM
		{951F0BFE-D296-4B88-8379-7F9DDD236E01}.Release|ARM.Deploy.0 = Release|ARM
		{951F0BFE-D296-4B88-8379-7F9DDD236E01}.Release|iPhone.ActiveCfg = Release|x86
		{951F0BFE-D296-4B88-8379-7F9DDD236E01}.Release|iPhoneSimulator.ActiveCfg = Release|x86
		{951F0BFE-D296-4B88-8379-7F9DDD236E01}.Release|x64.ActiveCfg = Release|x64
		{951F0BFE-D296-4B88-8379-7F9DDD236E01}.Release|x64.Build.0 = Release|x64
		{951F0BFE-D296-4B88-8379-7F9DDD236E01}.Release|x64.Deploy.0 = Release|x64
		{951F0BFE-D296-4B88-8379-7F9DDD236E01}.Release|x86.ActiveCfg = Release|x86
		{951F0BFE-D296-4B88-8379-7F9DDD236E01}.Release|x86.Build.0 = Release|x86
		{951F0BFE-D296-4B88-8379-7F9DDD236E01}.Release|x86.Deploy.0 = Release|x86
		{C6591A66-5140-4888-A20C-52D3061E2677}.Debug|Any CPU.ActiveCfg = Debug|Any CPU
		{C6591A66-5140-4888-A20C-52D3061E2677}.Debug|Any CPU.Build.0 = Debug|Any CPU
		{C6591A66-5140-4888-A20C-52D3061E2677}.Debug|ARM.ActiveCfg = Debug|Any CPU
		{C6591A66-5140-4888-A20C-52D3061E2677}.Debug|ARM.Build.0 = Debug|Any CPU
		{C6591A66-5140-4888-A20C-52D3061E2677}.Debug|iPhone.ActiveCfg = Debug|Any CPU
		{C6591A66-5140-4888-A20C-52D3061E2677}.Debug|iPhone.Build.0 = Debug|Any CPU
		{C6591A66-5140-4888-A20C-52D3061E2677}.Debug|iPhoneSimulator.ActiveCfg = Debug|Any CPU
		{C6591A66-5140-4888-A20C-52D3061E2677}.Debug|iPhoneSimulator.Build.0 = Debug|Any CPU
		{C6591A66-5140-4888-A20C-52D3061E2677}.Debug|x64.ActiveCfg = Debug|Any CPU
		{C6591A66-5140-4888-A20C-52D3061E2677}.Debug|x64.Build.0 = Debug|Any CPU
		{C6591A66-5140-4888-A20C-52D3061E2677}.Debug|x86.ActiveCfg = Debug|Any CPU
		{C6591A66-5140-4888-A20C-52D3061E2677}.Debug|x86.Build.0 = Debug|Any CPU
		{C6591A66-5140-4888-A20C-52D3061E2677}.Release|Any CPU.ActiveCfg = Release|Any CPU
		{C6591A66-5140-4888-A20C-52D3061E2677}.Release|Any CPU.Build.0 = Release|Any CPU
		{C6591A66-5140-4888-A20C-52D3061E2677}.Release|ARM.ActiveCfg = Release|Any CPU
		{C6591A66-5140-4888-A20C-52D3061E2677}.Release|ARM.Build.0 = Release|Any CPU
		{C6591A66-5140-4888-A20C-52D3061E2677}.Release|iPhone.ActiveCfg = Release|Any CPU
		{C6591A66-5140-4888-A20C-52D3061E2677}.Release|iPhone.Build.0 = Release|Any CPU
		{C6591A66-5140-4888-A20C-52D3061E2677}.Release|iPhoneSimulator.ActiveCfg = Release|Any CPU
		{C6591A66-5140-4888-A20C-52D3061E2677}.Release|iPhoneSimulator.Build.0 = Release|Any CPU
		{C6591A66-5140-4888-A20C-52D3061E2677}.Release|x64.ActiveCfg = Release|Any CPU
		{C6591A66-5140-4888-A20C-52D3061E2677}.Release|x64.Build.0 = Release|Any CPU
		{C6591A66-5140-4888-A20C-52D3061E2677}.Release|x86.ActiveCfg = Release|Any CPU
		{C6591A66-5140-4888-A20C-52D3061E2677}.Release|x86.Build.0 = Release|Any CPU
		{8BBA03A0-A640-4869-A515-9E2656A33C16}.Debug|Any CPU.ActiveCfg = Debug|Any CPU
		{8BBA03A0-A640-4869-A515-9E2656A33C16}.Debug|Any CPU.Build.0 = Debug|Any CPU
		{8BBA03A0-A640-4869-A515-9E2656A33C16}.Debug|ARM.ActiveCfg = Debug|Any CPU
		{8BBA03A0-A640-4869-A515-9E2656A33C16}.Debug|ARM.Build.0 = Debug|Any CPU
		{8BBA03A0-A640-4869-A515-9E2656A33C16}.Debug|iPhone.ActiveCfg = Debug|Any CPU
		{8BBA03A0-A640-4869-A515-9E2656A33C16}.Debug|iPhone.Build.0 = Debug|Any CPU
		{8BBA03A0-A640-4869-A515-9E2656A33C16}.Debug|iPhoneSimulator.ActiveCfg = Debug|Any CPU
		{8BBA03A0-A640-4869-A515-9E2656A33C16}.Debug|iPhoneSimulator.Build.0 = Debug|Any CPU
		{8BBA03A0-A640-4869-A515-9E2656A33C16}.Debug|x64.ActiveCfg = Debug|Any CPU
		{8BBA03A0-A640-4869-A515-9E2656A33C16}.Debug|x64.Build.0 = Debug|Any CPU
		{8BBA03A0-A640-4869-A515-9E2656A33C16}.Debug|x86.ActiveCfg = Debug|Any CPU
		{8BBA03A0-A640-4869-A515-9E2656A33C16}.Debug|x86.Build.0 = Debug|Any CPU
		{8BBA03A0-A640-4869-A515-9E2656A33C16}.Release|Any CPU.ActiveCfg = Release|Any CPU
		{8BBA03A0-A640-4869-A515-9E2656A33C16}.Release|Any CPU.Build.0 = Release|Any CPU
		{8BBA03A0-A640-4869-A515-9E2656A33C16}.Release|ARM.ActiveCfg = Release|Any CPU
		{8BBA03A0-A640-4869-A515-9E2656A33C16}.Release|ARM.Build.0 = Release|Any CPU
		{8BBA03A0-A640-4869-A515-9E2656A33C16}.Release|iPhone.ActiveCfg = Release|Any CPU
		{8BBA03A0-A640-4869-A515-9E2656A33C16}.Release|iPhone.Build.0 = Release|Any CPU
		{8BBA03A0-A640-4869-A515-9E2656A33C16}.Release|iPhoneSimulator.ActiveCfg = Release|Any CPU
		{8BBA03A0-A640-4869-A515-9E2656A33C16}.Release|iPhoneSimulator.Build.0 = Release|Any CPU
		{8BBA03A0-A640-4869-A515-9E2656A33C16}.Release|x64.ActiveCfg = Release|Any CPU
		{8BBA03A0-A640-4869-A515-9E2656A33C16}.Release|x64.Build.0 = Release|Any CPU
		{8BBA03A0-A640-4869-A515-9E2656A33C16}.Release|x86.ActiveCfg = Release|Any CPU
		{8BBA03A0-A640-4869-A515-9E2656A33C16}.Release|x86.Build.0 = Release|Any CPU
		{3FF3AD54-A110-4F91-B9BF-2C4CE511DD7B}.Debug|Any CPU.ActiveCfg = Debug|Any CPU
		{3FF3AD54-A110-4F91-B9BF-2C4CE511DD7B}.Debug|Any CPU.Build.0 = Debug|Any CPU
		{3FF3AD54-A110-4F91-B9BF-2C4CE511DD7B}.Debug|ARM.ActiveCfg = Debug|Any CPU
		{3FF3AD54-A110-4F91-B9BF-2C4CE511DD7B}.Debug|ARM.Build.0 = Debug|Any CPU
		{3FF3AD54-A110-4F91-B9BF-2C4CE511DD7B}.Debug|iPhone.ActiveCfg = Debug|Any CPU
		{3FF3AD54-A110-4F91-B9BF-2C4CE511DD7B}.Debug|iPhone.Build.0 = Debug|Any CPU
		{3FF3AD54-A110-4F91-B9BF-2C4CE511DD7B}.Debug|iPhoneSimulator.ActiveCfg = Debug|Any CPU
		{3FF3AD54-A110-4F91-B9BF-2C4CE511DD7B}.Debug|iPhoneSimulator.Build.0 = Debug|Any CPU
		{3FF3AD54-A110-4F91-B9BF-2C4CE511DD7B}.Debug|x64.ActiveCfg = Debug|Any CPU
		{3FF3AD54-A110-4F91-B9BF-2C4CE511DD7B}.Debug|x64.Build.0 = Debug|Any CPU
		{3FF3AD54-A110-4F91-B9BF-2C4CE511DD7B}.Debug|x86.ActiveCfg = Debug|Any CPU
		{3FF3AD54-A110-4F91-B9BF-2C4CE511DD7B}.Debug|x86.Build.0 = Debug|Any CPU
		{3FF3AD54-A110-4F91-B9BF-2C4CE511DD7B}.Release|Any CPU.ActiveCfg = Release|Any CPU
		{3FF3AD54-A110-4F91-B9BF-2C4CE511DD7B}.Release|Any CPU.Build.0 = Release|Any CPU
		{3FF3AD54-A110-4F91-B9BF-2C4CE511DD7B}.Release|ARM.ActiveCfg = Release|Any CPU
		{3FF3AD54-A110-4F91-B9BF-2C4CE511DD7B}.Release|ARM.Build.0 = Release|Any CPU
		{3FF3AD54-A110-4F91-B9BF-2C4CE511DD7B}.Release|iPhone.ActiveCfg = Release|Any CPU
		{3FF3AD54-A110-4F91-B9BF-2C4CE511DD7B}.Release|iPhone.Build.0 = Release|Any CPU
		{3FF3AD54-A110-4F91-B9BF-2C4CE511DD7B}.Release|iPhoneSimulator.ActiveCfg = Release|Any CPU
		{3FF3AD54-A110-4F91-B9BF-2C4CE511DD7B}.Release|iPhoneSimulator.Build.0 = Release|Any CPU
		{3FF3AD54-A110-4F91-B9BF-2C4CE511DD7B}.Release|x64.ActiveCfg = Release|Any CPU
		{3FF3AD54-A110-4F91-B9BF-2C4CE511DD7B}.Release|x64.Build.0 = Release|Any CPU
		{3FF3AD54-A110-4F91-B9BF-2C4CE511DD7B}.Release|x86.ActiveCfg = Release|Any CPU
		{3FF3AD54-A110-4F91-B9BF-2C4CE511DD7B}.Release|x86.Build.0 = Release|Any CPU
	EndGlobalSection
	GlobalSection(SolutionProperties) = preSolution
		HideSolutionNode = FALSE
	EndGlobalSection
	GlobalSection(ExtensibilityGlobals) = postSolution
		SolutionGuid = {7BFFF239-D8BD-47CB-A8C3-78655C05196A}
	EndGlobalSection
EndGlobal
